// !$*UTF8*$!
{
	archiveVersion = 1;
	classes = {
	};
	objectVersion = 46;
	objects = {

/* Begin PBXBuildFile section */
		263C2B241E1D1CFE00885B47 /* BaseDatasModel.swift in Sources */ = {isa = PBXBuildFile; fileRef = 263C2B231E1D1CFE00885B47 /* BaseDatasModel.swift */; };
		263C2B281E1D1FCB00885B47 /* BaseChannel.swift in Sources */ = {isa = PBXBuildFile; fileRef = 263C2B271E1D1FCB00885B47 /* BaseChannel.swift */; };
		263D1C5E1E38FF7600EF4D1F /* ChannelViewController.swift in Sources */ = {isa = PBXBuildFile; fileRef = 263D1C4C1E38FF7600EF4D1F /* ChannelViewController.swift */; };
		263D1C5F1E38FF7600EF4D1F /* ChannelViewController.xib in Resources */ = {isa = PBXBuildFile; fileRef = 263D1C4D1E38FF7600EF4D1F /* ChannelViewController.xib */; };
		263D1C601E38FF7600EF4D1F /* IndexCollectionViewCellArticle.swift in Sources */ = {isa = PBXBuildFile; fileRef = 263D1C4F1E38FF7600EF4D1F /* IndexCollectionViewCellArticle.swift */; };
		263D1C611E38FF7600EF4D1F /* IndexCollectionViewCellArticle.xib in Resources */ = {isa = PBXBuildFile; fileRef = 263D1C501E38FF7600EF4D1F /* IndexCollectionViewCellArticle.xib */; };
		263D1C621E38FF7600EF4D1F /* IndexDIYHeader.swift in Sources */ = {isa = PBXBuildFile; fileRef = 263D1C511E38FF7600EF4D1F /* IndexDIYHeader.swift */; };
		263D1C631E38FF7600EF4D1F /* IndexNavBar.swift in Sources */ = {isa = PBXBuildFile; fileRef = 263D1C521E38FF7600EF4D1F /* IndexNavBar.swift */; };
		263D1C641E38FF7600EF4D1F /* IndexNavBar.xib in Resources */ = {isa = PBXBuildFile; fileRef = 263D1C531E38FF7600EF4D1F /* IndexNavBar.xib */; };
		263D1C651E38FF7600EF4D1F /* IndexPageHeader.swift in Sources */ = {isa = PBXBuildFile; fileRef = 263D1C541E38FF7600EF4D1F /* IndexPageHeader.swift */; };
		263D1C661E38FF7600EF4D1F /* IndexPageHeader.xib in Resources */ = {isa = PBXBuildFile; fileRef = 263D1C551E38FF7600EF4D1F /* IndexPageHeader.xib */; };
		263D1C671E38FF7600EF4D1F /* IndexViewController.swift in Sources */ = {isa = PBXBuildFile; fileRef = 263D1C561E38FF7600EF4D1F /* IndexViewController.swift */; };
		263D1C681E38FF7600EF4D1F /* IndexViewController.xib in Resources */ = {isa = PBXBuildFile; fileRef = 263D1C571E38FF7600EF4D1F /* IndexViewController.xib */; };
		263D1C691E38FF7600EF4D1F /* MineViewController.swift in Sources */ = {isa = PBXBuildFile; fileRef = 263D1C591E38FF7600EF4D1F /* MineViewController.swift */; };
		263D1C6A1E38FF7600EF4D1F /* MineViewController.xib in Resources */ = {isa = PBXBuildFile; fileRef = 263D1C5A1E38FF7600EF4D1F /* MineViewController.xib */; };
		263D1C6B1E38FF7600EF4D1F /* WatchViewController.swift in Sources */ = {isa = PBXBuildFile; fileRef = 263D1C5C1E38FF7600EF4D1F /* WatchViewController.swift */; };
		263D1C6C1E38FF7600EF4D1F /* WatchViewController.xib in Resources */ = {isa = PBXBuildFile; fileRef = 263D1C5D1E38FF7600EF4D1F /* WatchViewController.xib */; };
		263D1C6F1E39987A00EF4D1F /* IndexCollectionCellBanner.swift in Sources */ = {isa = PBXBuildFile; fileRef = 263D1C6D1E39987A00EF4D1F /* IndexCollectionCellBanner.swift */; };
		263D1C701E39987A00EF4D1F /* IndexCollectionCellBanner.xib in Resources */ = {isa = PBXBuildFile; fileRef = 263D1C6E1E39987A00EF4D1F /* IndexCollectionCellBanner.xib */; };
		2680D7B91E459A4400004D85 /* IndexCollectionCellMonkeyMountainHeadLineRight.swift in Sources */ = {isa = PBXBuildFile; fileRef = 2680D7B71E459A4400004D85 /* IndexCollectionCellMonkeyMountainHeadLineRight.swift */; };
		2680D7BA1E459A4400004D85 /* IndexCollectionCellMonkeyMountainHeadLineRight.xib in Resources */ = {isa = PBXBuildFile; fileRef = 2680D7B81E459A4400004D85 /* IndexCollectionCellMonkeyMountainHeadLineRight.xib */; };
		2680D7BD1E460B8E00004D85 /* IndexSectionMoreFooter.swift in Sources */ = {isa = PBXBuildFile; fileRef = 2680D7BB1E460B8E00004D85 /* IndexSectionMoreFooter.swift */; };
		2680D7BE1E460B8E00004D85 /* IndexSectionMoreFooter.xib in Resources */ = {isa = PBXBuildFile; fileRef = 2680D7BC1E460B8E00004D85 /* IndexSectionMoreFooter.xib */; };
		26A912211E1BC4FD002F2F8D /* APIAcfun.swift in Sources */ = {isa = PBXBuildFile; fileRef = 26A912201E1BC4FD002F2F8D /* APIAcfun.swift */; };
		26A912231E1BC535002F2F8D /* TargetType.swift in Sources */ = {isa = PBXBuildFile; fileRef = 26A912221E1BC535002F2F8D /* TargetType.swift */; };
		26A912251E1BC635002F2F8D /* EndPoint.swift in Sources */ = {isa = PBXBuildFile; fileRef = 26A912241E1BC635002F2F8D /* EndPoint.swift */; };
		26AAC4C71E44B04D008BF6A2 /* BaseDataModel.swift in Sources */ = {isa = PBXBuildFile; fileRef = 26AAC4C61E44B04D008BF6A2 /* BaseDataModel.swift */; };
		26AAC4CA1E44B82B008BF6A2 /* IndexCollectionCellMonkeyMountainHeadLine.swift in Sources */ = {isa = PBXBuildFile; fileRef = 26AAC4C81E44B82B008BF6A2 /* IndexCollectionCellMonkeyMountainHeadLine.swift */; };
		26AAC4CB1E44B82B008BF6A2 /* IndexCollectionCellMonkeyMountainHeadLine.xib in Resources */ = {isa = PBXBuildFile; fileRef = 26AAC4C91E44B82B008BF6A2 /* IndexCollectionCellMonkeyMountainHeadLine.xib */; };
		26B4463F1E1A4BFC00347154 /* Mapper.md in Sources */ = {isa = PBXBuildFile; fileRef = 26B4463E1E1A4BFC00347154 /* Mapper.md */; };
		26B446411E1A4C6F00347154 /* Alamofire.md in Sources */ = {isa = PBXBuildFile; fileRef = 26B446401E1A4C6F00347154 /* Alamofire.md */; };
		26B446431E1A4CA700347154 /* Rx.md in Sources */ = {isa = PBXBuildFile; fileRef = 26B446421E1A4CA700347154 /* Rx.md */; };
		26B446451E1A4CD400347154 /* YYWeb.md in Sources */ = {isa = PBXBuildFile; fileRef = 26B446441E1A4CD400347154 /* YYWeb.md */; };
		26B46D141E1BE024008F8EC8 /* RxProvider.swift in Sources */ = {isa = PBXBuildFile; fileRef = 26B46D131E1BE024008F8EC8 /* RxProvider.swift */; };
		26C6D5A61E39AB6C002F7314 /* IndexSectionHeader.swift in Sources */ = {isa = PBXBuildFile; fileRef = 26C6D5A41E39AB6C002F7314 /* IndexSectionHeader.swift */; };
		26C6D5A71E39AB6C002F7314 /* IndexSectionHeader.xib in Resources */ = {isa = PBXBuildFile; fileRef = 26C6D5A51E39AB6C002F7314 /* IndexSectionHeader.xib */; };
		26C948321E2CDCD40040AC57 /* MJRefreshAutoFooter.m in Sources */ = {isa = PBXBuildFile; fileRef = 26C948061E2CDCD40040AC57 /* MJRefreshAutoFooter.m */; };
		26C948331E2CDCD40040AC57 /* MJRefreshBackFooter.m in Sources */ = {isa = PBXBuildFile; fileRef = 26C948081E2CDCD40040AC57 /* MJRefreshBackFooter.m */; };
		26C948341E2CDCD40040AC57 /* MJRefreshComponent.m in Sources */ = {isa = PBXBuildFile; fileRef = 26C9480A1E2CDCD40040AC57 /* MJRefreshComponent.m */; };
		26C948351E2CDCD40040AC57 /* MJRefreshFooter.m in Sources */ = {isa = PBXBuildFile; fileRef = 26C9480C1E2CDCD40040AC57 /* MJRefreshFooter.m */; };
		26C948361E2CDCD40040AC57 /* MJRefreshHeader.m in Sources */ = {isa = PBXBuildFile; fileRef = 26C9480E1E2CDCD40040AC57 /* MJRefreshHeader.m */; };
		26C948371E2CDCD40040AC57 /* MJRefreshAutoGifFooter.m in Sources */ = {isa = PBXBuildFile; fileRef = 26C948131E2CDCD40040AC57 /* MJRefreshAutoGifFooter.m */; };
		26C948381E2CDCD40040AC57 /* MJRefreshAutoNormalFooter.m in Sources */ = {isa = PBXBuildFile; fileRef = 26C948151E2CDCD40040AC57 /* MJRefreshAutoNormalFooter.m */; };
		26C948391E2CDCD40040AC57 /* MJRefreshAutoStateFooter.m in Sources */ = {isa = PBXBuildFile; fileRef = 26C948171E2CDCD40040AC57 /* MJRefreshAutoStateFooter.m */; };
		26C9483A1E2CDCD40040AC57 /* MJRefreshBackGifFooter.m in Sources */ = {isa = PBXBuildFile; fileRef = 26C9481A1E2CDCD40040AC57 /* MJRefreshBackGifFooter.m */; };
		26C9483B1E2CDCD40040AC57 /* MJRefreshBackNormalFooter.m in Sources */ = {isa = PBXBuildFile; fileRef = 26C9481C1E2CDCD40040AC57 /* MJRefreshBackNormalFooter.m */; };
		26C9483C1E2CDCD40040AC57 /* MJRefreshBackStateFooter.m in Sources */ = {isa = PBXBuildFile; fileRef = 26C9481E1E2CDCD40040AC57 /* MJRefreshBackStateFooter.m */; };
		26C9483D1E2CDCD40040AC57 /* MJRefreshGifHeader.m in Sources */ = {isa = PBXBuildFile; fileRef = 26C948211E2CDCD40040AC57 /* MJRefreshGifHeader.m */; };
		26C9483E1E2CDCD40040AC57 /* MJRefreshNormalHeader.m in Sources */ = {isa = PBXBuildFile; fileRef = 26C948231E2CDCD40040AC57 /* MJRefreshNormalHeader.m */; };
		26C9483F1E2CDCD40040AC57 /* MJRefreshStateHeader.m in Sources */ = {isa = PBXBuildFile; fileRef = 26C948251E2CDCD40040AC57 /* MJRefreshStateHeader.m */; };
		26C948401E2CDCD40040AC57 /* MJRefresh.bundle in Resources */ = {isa = PBXBuildFile; fileRef = 26C948261E2CDCD40040AC57 /* MJRefresh.bundle */; };
		26C948411E2CDCD40040AC57 /* MJRefreshConst.m in Sources */ = {isa = PBXBuildFile; fileRef = 26C948291E2CDCD40040AC57 /* MJRefreshConst.m */; };
		26C948421E2CDCD40040AC57 /* NSBundle+MJRefresh.m in Sources */ = {isa = PBXBuildFile; fileRef = 26C9482B1E2CDCD40040AC57 /* NSBundle+MJRefresh.m */; };
		26C948431E2CDCD40040AC57 /* UIScrollView+MJExtension.m in Sources */ = {isa = PBXBuildFile; fileRef = 26C9482D1E2CDCD40040AC57 /* UIScrollView+MJExtension.m */; };
		26C948441E2CDCD40040AC57 /* UIScrollView+MJRefresh.m in Sources */ = {isa = PBXBuildFile; fileRef = 26C9482F1E2CDCD40040AC57 /* UIScrollView+MJRefresh.m */; };
		26C948451E2CDCD40040AC57 /* UIView+MJExtension.m in Sources */ = {isa = PBXBuildFile; fileRef = 26C948311E2CDCD40040AC57 /* UIView+MJExtension.m */; };
		26DE9AD01E34DF49006DB0B3 /* UIButtonExt.swift in Sources */ = {isa = PBXBuildFile; fileRef = 26DE9ACF1E34DF49006DB0B3 /* UIButtonExt.swift */; };
		26E12E921E1A33E400F39F1C /* AppDelegate.swift in Sources */ = {isa = PBXBuildFile; fileRef = 26E12E911E1A33E400F39F1C /* AppDelegate.swift */; };
		26E12E941E1A33E400F39F1C /* ViewController.swift in Sources */ = {isa = PBXBuildFile; fileRef = 26E12E931E1A33E400F39F1C /* ViewController.swift */; };
		26E12E971E1A33E400F39F1C /* Main.storyboard in Resources */ = {isa = PBXBuildFile; fileRef = 26E12E951E1A33E400F39F1C /* Main.storyboard */; };
		26E12E991E1A33E400F39F1C /* Assets.xcassets in Resources */ = {isa = PBXBuildFile; fileRef = 26E12E981E1A33E400F39F1C /* Assets.xcassets */; };
		26E12E9C1E1A33E400F39F1C /* LaunchScreen.storyboard in Resources */ = {isa = PBXBuildFile; fileRef = 26E12E9A1E1A33E400F39F1C /* LaunchScreen.storyboard */; };
		26E185211E30F49D005A54F0 /* Contants.swift in Sources */ = {isa = PBXBuildFile; fileRef = 26E185201E30F49D005A54F0 /* Contants.swift */; };
		26E185251E30F738005A54F0 /* AcFunSymbol-Bold1.ttf in Resources */ = {isa = PBXBuildFile; fileRef = 26E185231E30F738005A54F0 /* AcFunSymbol-Bold1.ttf */; };
		26E185261E30F738005A54F0 /* AcFunSymbol-Regular.ttf in Resources */ = {isa = PBXBuildFile; fileRef = 26E185241E30F738005A54F0 /* AcFunSymbol-Regular.ttf */; };
		26EAF7791E1E85D600C09C85 /* BaseRegions.swift in Sources */ = {isa = PBXBuildFile; fileRef = 26EAF7781E1E85D600C09C85 /* BaseRegions.swift */; };
		3776F22901639E951D1D3554 /* Pods_Acfun.framework in Frameworks */ = {isa = PBXBuildFile; fileRef = 2DB9599AD0BFCE6042B8A5AA /* Pods_Acfun.framework */; };
/* End PBXBuildFile section */

/* Begin PBXFileReference section */
		263C2B231E1D1CFE00885B47 /* BaseDatasModel.swift */ = {isa = PBXFileReference; fileEncoding = 4; lastKnownFileType = sourcecode.swift; path = BaseDatasModel.swift; sourceTree = "<group>"; };
		263C2B271E1D1FCB00885B47 /* BaseChannel.swift */ = {isa = PBXFileReference; fileEncoding = 4; lastKnownFileType = sourcecode.swift; path = BaseChannel.swift; sourceTree = "<group>"; };
		263D1C4C1E38FF7600EF4D1F /* ChannelViewController.swift */ = {isa = PBXFileReference; fileEncoding = 4; lastKnownFileType = sourcecode.swift; path = ChannelViewController.swift; sourceTree = "<group>"; };
		263D1C4D1E38FF7600EF4D1F /* ChannelViewController.xib */ = {isa = PBXFileReference; fileEncoding = 4; lastKnownFileType = file.xib; path = ChannelViewController.xib; sourceTree = "<group>"; };
		263D1C4F1E38FF7600EF4D1F /* IndexCollectionViewCellArticle.swift */ = {isa = PBXFileReference; fileEncoding = 4; lastKnownFileType = sourcecode.swift; path = IndexCollectionViewCellArticle.swift; sourceTree = "<group>"; };
		263D1C501E38FF7600EF4D1F /* IndexCollectionViewCellArticle.xib */ = {isa = PBXFileReference; fileEncoding = 4; lastKnownFileType = file.xib; path = IndexCollectionViewCellArticle.xib; sourceTree = "<group>"; };
		263D1C511E38FF7600EF4D1F /* IndexDIYHeader.swift */ = {isa = PBXFileReference; fileEncoding = 4; lastKnownFileType = sourcecode.swift; path = IndexDIYHeader.swift; sourceTree = "<group>"; };
		263D1C521E38FF7600EF4D1F /* IndexNavBar.swift */ = {isa = PBXFileReference; fileEncoding = 4; lastKnownFileType = sourcecode.swift; path = IndexNavBar.swift; sourceTree = "<group>"; };
		263D1C531E38FF7600EF4D1F /* IndexNavBar.xib */ = {isa = PBXFileReference; fileEncoding = 4; lastKnownFileType = file.xib; path = IndexNavBar.xib; sourceTree = "<group>"; };
		263D1C541E38FF7600EF4D1F /* IndexPageHeader.swift */ = {isa = PBXFileReference; fileEncoding = 4; lastKnownFileType = sourcecode.swift; path = IndexPageHeader.swift; sourceTree = "<group>"; };
		263D1C551E38FF7600EF4D1F /* IndexPageHeader.xib */ = {isa = PBXFileReference; fileEncoding = 4; lastKnownFileType = file.xib; path = IndexPageHeader.xib; sourceTree = "<group>"; };
		263D1C561E38FF7600EF4D1F /* IndexViewController.swift */ = {isa = PBXFileReference; fileEncoding = 4; lastKnownFileType = sourcecode.swift; path = IndexViewController.swift; sourceTree = "<group>"; };
		263D1C571E38FF7600EF4D1F /* IndexViewController.xib */ = {isa = PBXFileReference; fileEncoding = 4; lastKnownFileType = file.xib; path = IndexViewController.xib; sourceTree = "<group>"; };
		263D1C591E38FF7600EF4D1F /* MineViewController.swift */ = {isa = PBXFileReference; fileEncoding = 4; lastKnownFileType = sourcecode.swift; path = MineViewController.swift; sourceTree = "<group>"; };
		263D1C5A1E38FF7600EF4D1F /* MineViewController.xib */ = {isa = PBXFileReference; fileEncoding = 4; lastKnownFileType = file.xib; path = MineViewController.xib; sourceTree = "<group>"; };
		263D1C5C1E38FF7600EF4D1F /* WatchViewController.swift */ = {isa = PBXFileReference; fileEncoding = 4; lastKnownFileType = sourcecode.swift; path = WatchViewController.swift; sourceTree = "<group>"; };
		263D1C5D1E38FF7600EF4D1F /* WatchViewController.xib */ = {isa = PBXFileReference; fileEncoding = 4; lastKnownFileType = file.xib; path = WatchViewController.xib; sourceTree = "<group>"; };
		263D1C6D1E39987A00EF4D1F /* IndexCollectionCellBanner.swift */ = {isa = PBXFileReference; fileEncoding = 4; lastKnownFileType = sourcecode.swift; path = IndexCollectionCellBanner.swift; sourceTree = "<group>"; };
		263D1C6E1E39987A00EF4D1F /* IndexCollectionCellBanner.xib */ = {isa = PBXFileReference; fileEncoding = 4; lastKnownFileType = file.xib; path = IndexCollectionCellBanner.xib; sourceTree = "<group>"; };
		2680D7B71E459A4400004D85 /* IndexCollectionCellMonkeyMountainHeadLineRight.swift */ = {isa = PBXFileReference; fileEncoding = 4; lastKnownFileType = sourcecode.swift; path = IndexCollectionCellMonkeyMountainHeadLineRight.swift; sourceTree = "<group>"; };
		2680D7B81E459A4400004D85 /* IndexCollectionCellMonkeyMountainHeadLineRight.xib */ = {isa = PBXFileReference; fileEncoding = 4; lastKnownFileType = file.xib; path = IndexCollectionCellMonkeyMountainHeadLineRight.xib; sourceTree = "<group>"; };
		2680D7BB1E460B8E00004D85 /* IndexSectionMoreFooter.swift */ = {isa = PBXFileReference; fileEncoding = 4; lastKnownFileType = sourcecode.swift; path = IndexSectionMoreFooter.swift; sourceTree = "<group>"; };
		2680D7BC1E460B8E00004D85 /* IndexSectionMoreFooter.xib */ = {isa = PBXFileReference; fileEncoding = 4; lastKnownFileType = file.xib; path = IndexSectionMoreFooter.xib; sourceTree = "<group>"; };
		26A912201E1BC4FD002F2F8D /* APIAcfun.swift */ = {isa = PBXFileReference; fileEncoding = 4; lastKnownFileType = sourcecode.swift; path = APIAcfun.swift; sourceTree = "<group>"; };
		26A912221E1BC535002F2F8D /* TargetType.swift */ = {isa = PBXFileReference; fileEncoding = 4; lastKnownFileType = sourcecode.swift; name = TargetType.swift; path = ../TargetType.swift; sourceTree = "<group>"; };
		26A912241E1BC635002F2F8D /* EndPoint.swift */ = {isa = PBXFileReference; fileEncoding = 4; lastKnownFileType = sourcecode.swift; path = EndPoint.swift; sourceTree = "<group>"; };
		26AAC4C61E44B04D008BF6A2 /* BaseDataModel.swift */ = {isa = PBXFileReference; fileEncoding = 4; lastKnownFileType = sourcecode.swift; path = BaseDataModel.swift; sourceTree = "<group>"; };
		26AAC4C81E44B82B008BF6A2 /* IndexCollectionCellMonkeyMountainHeadLine.swift */ = {isa = PBXFileReference; fileEncoding = 4; lastKnownFileType = sourcecode.swift; path = IndexCollectionCellMonkeyMountainHeadLine.swift; sourceTree = "<group>"; };
		26AAC4C91E44B82B008BF6A2 /* IndexCollectionCellMonkeyMountainHeadLine.xib */ = {isa = PBXFileReference; fileEncoding = 4; lastKnownFileType = file.xib; path = IndexCollectionCellMonkeyMountainHeadLine.xib; sourceTree = "<group>"; };
		26B4463E1E1A4BFC00347154 /* Mapper.md */ = {isa = PBXFileReference; fileEncoding = 4; lastKnownFileType = net.daringfireball.markdown; path = Mapper.md; sourceTree = "<group>"; };
		26B446401E1A4C6F00347154 /* Alamofire.md */ = {isa = PBXFileReference; fileEncoding = 4; lastKnownFileType = net.daringfireball.markdown; path = Alamofire.md; sourceTree = "<group>"; };
		26B446421E1A4CA700347154 /* Rx.md */ = {isa = PBXFileReference; fileEncoding = 4; lastKnownFileType = net.daringfireball.markdown; path = Rx.md; sourceTree = "<group>"; };
		26B446441E1A4CD400347154 /* YYWeb.md */ = {isa = PBXFileReference; fileEncoding = 4; lastKnownFileType = net.daringfireball.markdown; path = YYWeb.md; sourceTree = "<group>"; };
		26B46D131E1BE024008F8EC8 /* RxProvider.swift */ = {isa = PBXFileReference; fileEncoding = 4; lastKnownFileType = sourcecode.swift; path = RxProvider.swift; sourceTree = "<group>"; };
		26C6D5A41E39AB6C002F7314 /* IndexSectionHeader.swift */ = {isa = PBXFileReference; fileEncoding = 4; lastKnownFileType = sourcecode.swift; path = IndexSectionHeader.swift; sourceTree = "<group>"; };
		26C6D5A51E39AB6C002F7314 /* IndexSectionHeader.xib */ = {isa = PBXFileReference; fileEncoding = 4; lastKnownFileType = file.xib; path = IndexSectionHeader.xib; sourceTree = "<group>"; };
		26C948051E2CDCD40040AC57 /* MJRefreshAutoFooter.h */ = {isa = PBXFileReference; fileEncoding = 4; lastKnownFileType = sourcecode.c.h; path = MJRefreshAutoFooter.h; sourceTree = "<group>"; };
		26C948061E2CDCD40040AC57 /* MJRefreshAutoFooter.m */ = {isa = PBXFileReference; fileEncoding = 4; lastKnownFileType = sourcecode.c.objc; path = MJRefreshAutoFooter.m; sourceTree = "<group>"; };
		26C948071E2CDCD40040AC57 /* MJRefreshBackFooter.h */ = {isa = PBXFileReference; fileEncoding = 4; lastKnownFileType = sourcecode.c.h; path = MJRefreshBackFooter.h; sourceTree = "<group>"; };
		26C948081E2CDCD40040AC57 /* MJRefreshBackFooter.m */ = {isa = PBXFileReference; fileEncoding = 4; lastKnownFileType = sourcecode.c.objc; path = MJRefreshBackFooter.m; sourceTree = "<group>"; };
		26C948091E2CDCD40040AC57 /* MJRefreshComponent.h */ = {isa = PBXFileReference; fileEncoding = 4; lastKnownFileType = sourcecode.c.h; path = MJRefreshComponent.h; sourceTree = "<group>"; };
		26C9480A1E2CDCD40040AC57 /* MJRefreshComponent.m */ = {isa = PBXFileReference; fileEncoding = 4; lastKnownFileType = sourcecode.c.objc; path = MJRefreshComponent.m; sourceTree = "<group>"; };
		26C9480B1E2CDCD40040AC57 /* MJRefreshFooter.h */ = {isa = PBXFileReference; fileEncoding = 4; lastKnownFileType = sourcecode.c.h; path = MJRefreshFooter.h; sourceTree = "<group>"; };
		26C9480C1E2CDCD40040AC57 /* MJRefreshFooter.m */ = {isa = PBXFileReference; fileEncoding = 4; lastKnownFileType = sourcecode.c.objc; path = MJRefreshFooter.m; sourceTree = "<group>"; };
		26C9480D1E2CDCD40040AC57 /* MJRefreshHeader.h */ = {isa = PBXFileReference; fileEncoding = 4; lastKnownFileType = sourcecode.c.h; path = MJRefreshHeader.h; sourceTree = "<group>"; };
		26C9480E1E2CDCD40040AC57 /* MJRefreshHeader.m */ = {isa = PBXFileReference; fileEncoding = 4; lastKnownFileType = sourcecode.c.objc; path = MJRefreshHeader.m; sourceTree = "<group>"; };
		26C948121E2CDCD40040AC57 /* MJRefreshAutoGifFooter.h */ = {isa = PBXFileReference; fileEncoding = 4; lastKnownFileType = sourcecode.c.h; path = MJRefreshAutoGifFooter.h; sourceTree = "<group>"; };
		26C948131E2CDCD40040AC57 /* MJRefreshAutoGifFooter.m */ = {isa = PBXFileReference; fileEncoding = 4; lastKnownFileType = sourcecode.c.objc; path = MJRefreshAutoGifFooter.m; sourceTree = "<group>"; };
		26C948141E2CDCD40040AC57 /* MJRefreshAutoNormalFooter.h */ = {isa = PBXFileReference; fileEncoding = 4; lastKnownFileType = sourcecode.c.h; path = MJRefreshAutoNormalFooter.h; sourceTree = "<group>"; };
		26C948151E2CDCD40040AC57 /* MJRefreshAutoNormalFooter.m */ = {isa = PBXFileReference; fileEncoding = 4; lastKnownFileType = sourcecode.c.objc; path = MJRefreshAutoNormalFooter.m; sourceTree = "<group>"; };
		26C948161E2CDCD40040AC57 /* MJRefreshAutoStateFooter.h */ = {isa = PBXFileReference; fileEncoding = 4; lastKnownFileType = sourcecode.c.h; path = MJRefreshAutoStateFooter.h; sourceTree = "<group>"; };
		26C948171E2CDCD40040AC57 /* MJRefreshAutoStateFooter.m */ = {isa = PBXFileReference; fileEncoding = 4; lastKnownFileType = sourcecode.c.objc; path = MJRefreshAutoStateFooter.m; sourceTree = "<group>"; };
		26C948191E2CDCD40040AC57 /* MJRefreshBackGifFooter.h */ = {isa = PBXFileReference; fileEncoding = 4; lastKnownFileType = sourcecode.c.h; path = MJRefreshBackGifFooter.h; sourceTree = "<group>"; };
		26C9481A1E2CDCD40040AC57 /* MJRefreshBackGifFooter.m */ = {isa = PBXFileReference; fileEncoding = 4; lastKnownFileType = sourcecode.c.objc; path = MJRefreshBackGifFooter.m; sourceTree = "<group>"; };
		26C9481B1E2CDCD40040AC57 /* MJRefreshBackNormalFooter.h */ = {isa = PBXFileReference; fileEncoding = 4; lastKnownFileType = sourcecode.c.h; path = MJRefreshBackNormalFooter.h; sourceTree = "<group>"; };
		26C9481C1E2CDCD40040AC57 /* MJRefreshBackNormalFooter.m */ = {isa = PBXFileReference; fileEncoding = 4; lastKnownFileType = sourcecode.c.objc; path = MJRefreshBackNormalFooter.m; sourceTree = "<group>"; };
		26C9481D1E2CDCD40040AC57 /* MJRefreshBackStateFooter.h */ = {isa = PBXFileReference; fileEncoding = 4; lastKnownFileType = sourcecode.c.h; path = MJRefreshBackStateFooter.h; sourceTree = "<group>"; };
		26C9481E1E2CDCD40040AC57 /* MJRefreshBackStateFooter.m */ = {isa = PBXFileReference; fileEncoding = 4; lastKnownFileType = sourcecode.c.objc; path = MJRefreshBackStateFooter.m; sourceTree = "<group>"; };
		26C948201E2CDCD40040AC57 /* MJRefreshGifHeader.h */ = {isa = PBXFileReference; fileEncoding = 4; lastKnownFileType = sourcecode.c.h; path = MJRefreshGifHeader.h; sourceTree = "<group>"; };
		26C948211E2CDCD40040AC57 /* MJRefreshGifHeader.m */ = {isa = PBXFileReference; fileEncoding = 4; lastKnownFileType = sourcecode.c.objc; path = MJRefreshGifHeader.m; sourceTree = "<group>"; };
		26C948221E2CDCD40040AC57 /* MJRefreshNormalHeader.h */ = {isa = PBXFileReference; fileEncoding = 4; lastKnownFileType = sourcecode.c.h; path = MJRefreshNormalHeader.h; sourceTree = "<group>"; };
		26C948231E2CDCD40040AC57 /* MJRefreshNormalHeader.m */ = {isa = PBXFileReference; fileEncoding = 4; lastKnownFileType = sourcecode.c.objc; path = MJRefreshNormalHeader.m; sourceTree = "<group>"; };
		26C948241E2CDCD40040AC57 /* MJRefreshStateHeader.h */ = {isa = PBXFileReference; fileEncoding = 4; lastKnownFileType = sourcecode.c.h; path = MJRefreshStateHeader.h; sourceTree = "<group>"; };
		26C948251E2CDCD40040AC57 /* MJRefreshStateHeader.m */ = {isa = PBXFileReference; fileEncoding = 4; lastKnownFileType = sourcecode.c.objc; path = MJRefreshStateHeader.m; sourceTree = "<group>"; };
		26C948261E2CDCD40040AC57 /* MJRefresh.bundle */ = {isa = PBXFileReference; lastKnownFileType = "wrapper.plug-in"; path = MJRefresh.bundle; sourceTree = "<group>"; };
		26C948271E2CDCD40040AC57 /* MJRefresh.h */ = {isa = PBXFileReference; fileEncoding = 4; lastKnownFileType = sourcecode.c.h; path = MJRefresh.h; sourceTree = "<group>"; };
		26C948281E2CDCD40040AC57 /* MJRefreshConst.h */ = {isa = PBXFileReference; fileEncoding = 4; lastKnownFileType = sourcecode.c.h; path = MJRefreshConst.h; sourceTree = "<group>"; };
		26C948291E2CDCD40040AC57 /* MJRefreshConst.m */ = {isa = PBXFileReference; fileEncoding = 4; lastKnownFileType = sourcecode.c.objc; path = MJRefreshConst.m; sourceTree = "<group>"; };
		26C9482A1E2CDCD40040AC57 /* NSBundle+MJRefresh.h */ = {isa = PBXFileReference; fileEncoding = 4; lastKnownFileType = sourcecode.c.h; path = "NSBundle+MJRefresh.h"; sourceTree = "<group>"; };
		26C9482B1E2CDCD40040AC57 /* NSBundle+MJRefresh.m */ = {isa = PBXFileReference; fileEncoding = 4; lastKnownFileType = sourcecode.c.objc; path = "NSBundle+MJRefresh.m"; sourceTree = "<group>"; };
		26C9482C1E2CDCD40040AC57 /* UIScrollView+MJExtension.h */ = {isa = PBXFileReference; fileEncoding = 4; lastKnownFileType = sourcecode.c.h; path = "UIScrollView+MJExtension.h"; sourceTree = "<group>"; };
		26C9482D1E2CDCD40040AC57 /* UIScrollView+MJExtension.m */ = {isa = PBXFileReference; fileEncoding = 4; lastKnownFileType = sourcecode.c.objc; path = "UIScrollView+MJExtension.m"; sourceTree = "<group>"; };
		26C9482E1E2CDCD40040AC57 /* UIScrollView+MJRefresh.h */ = {isa = PBXFileReference; fileEncoding = 4; lastKnownFileType = sourcecode.c.h; path = "UIScrollView+MJRefresh.h"; sourceTree = "<group>"; };
		26C9482F1E2CDCD40040AC57 /* UIScrollView+MJRefresh.m */ = {isa = PBXFileReference; fileEncoding = 4; lastKnownFileType = sourcecode.c.objc; path = "UIScrollView+MJRefresh.m"; sourceTree = "<group>"; };
		26C948301E2CDCD40040AC57 /* UIView+MJExtension.h */ = {isa = PBXFileReference; fileEncoding = 4; lastKnownFileType = sourcecode.c.h; path = "UIView+MJExtension.h"; sourceTree = "<group>"; };
		26C948311E2CDCD40040AC57 /* UIView+MJExtension.m */ = {isa = PBXFileReference; fileEncoding = 4; lastKnownFileType = sourcecode.c.objc; path = "UIView+MJExtension.m"; sourceTree = "<group>"; };
		26C948481E2CE1A20040AC57 /* Acfun-bridging-header.h */ = {isa = PBXFileReference; lastKnownFileType = sourcecode.c.h; path = "Acfun-bridging-header.h"; sourceTree = "<group>"; };
		26DE9ACF1E34DF49006DB0B3 /* UIButtonExt.swift */ = {isa = PBXFileReference; fileEncoding = 4; lastKnownFileType = sourcecode.swift; name = UIButtonExt.swift; path = ../UIButtonExt.swift; sourceTree = "<group>"; };
		26E12E8E1E1A33E400F39F1C /* Acfun.app */ = {isa = PBXFileReference; explicitFileType = wrapper.application; includeInIndex = 0; path = Acfun.app; sourceTree = BUILT_PRODUCTS_DIR; };
		26E12E911E1A33E400F39F1C /* AppDelegate.swift */ = {isa = PBXFileReference; lastKnownFileType = sourcecode.swift; path = AppDelegate.swift; sourceTree = "<group>"; };
		26E12E931E1A33E400F39F1C /* ViewController.swift */ = {isa = PBXFileReference; lastKnownFileType = sourcecode.swift; path = ViewController.swift; sourceTree = "<group>"; };
		26E12E961E1A33E400F39F1C /* Base */ = {isa = PBXFileReference; lastKnownFileType = file.storyboard; name = Base; path = Base.lproj/Main.storyboard; sourceTree = "<group>"; };
		26E12E981E1A33E400F39F1C /* Assets.xcassets */ = {isa = PBXFileReference; lastKnownFileType = folder.assetcatalog; path = Assets.xcassets; sourceTree = "<group>"; };
		26E12E9B1E1A33E400F39F1C /* Base */ = {isa = PBXFileReference; lastKnownFileType = file.storyboard; name = Base; path = Base.lproj/LaunchScreen.storyboard; sourceTree = "<group>"; };
		26E12E9D1E1A33E400F39F1C /* Info.plist */ = {isa = PBXFileReference; lastKnownFileType = text.plist.xml; path = Info.plist; sourceTree = "<group>"; };
		26E185201E30F49D005A54F0 /* Contants.swift */ = {isa = PBXFileReference; fileEncoding = 4; lastKnownFileType = sourcecode.swift; path = Contants.swift; sourceTree = "<group>"; };
		26E185231E30F738005A54F0 /* AcFunSymbol-Bold1.ttf */ = {isa = PBXFileReference; lastKnownFileType = file; path = "AcFunSymbol-Bold1.ttf"; sourceTree = "<group>"; };
		26E185241E30F738005A54F0 /* AcFunSymbol-Regular.ttf */ = {isa = PBXFileReference; lastKnownFileType = file; path = "AcFunSymbol-Regular.ttf"; sourceTree = "<group>"; };
		26EAF7781E1E85D600C09C85 /* BaseRegions.swift */ = {isa = PBXFileReference; fileEncoding = 4; lastKnownFileType = sourcecode.swift; path = BaseRegions.swift; sourceTree = "<group>"; };
		2DB9599AD0BFCE6042B8A5AA /* Pods_Acfun.framework */ = {isa = PBXFileReference; explicitFileType = wrapper.framework; includeInIndex = 0; path = Pods_Acfun.framework; sourceTree = BUILT_PRODUCTS_DIR; };
		58698AF5B7BC1AB039499F79 /* Pods-Acfun.release.xcconfig */ = {isa = PBXFileReference; includeInIndex = 1; lastKnownFileType = text.xcconfig; name = "Pods-Acfun.release.xcconfig"; path = "Pods/Target Support Files/Pods-Acfun/Pods-Acfun.release.xcconfig"; sourceTree = "<group>"; };
		B5584CB2499978D8B2FD2DD8 /* Pods-Acfun.debug.xcconfig */ = {isa = PBXFileReference; includeInIndex = 1; lastKnownFileType = text.xcconfig; name = "Pods-Acfun.debug.xcconfig"; path = "Pods/Target Support Files/Pods-Acfun/Pods-Acfun.debug.xcconfig"; sourceTree = "<group>"; };
/* End PBXFileReference section */

/* Begin PBXFrameworksBuildPhase section */
		26E12E8B1E1A33E400F39F1C /* Frameworks */ = {
			isa = PBXFrameworksBuildPhase;
			buildActionMask = 2147483647;
			files = (
				3776F22901639E951D1D3554 /* Pods_Acfun.framework in Frameworks */,
			);
			runOnlyForDeploymentPostprocessing = 0;
		};
/* End PBXFrameworksBuildPhase section */

/* Begin PBXGroup section */
		21D472B0D04CE51C80197E8B /* Pods */ = {
			isa = PBXGroup;
			children = (
				B5584CB2499978D8B2FD2DD8 /* Pods-Acfun.debug.xcconfig */,
				58698AF5B7BC1AB039499F79 /* Pods-Acfun.release.xcconfig */,
			);
			name = Pods;
			sourceTree = "<group>";
		};
		263D1C4B1E38FF7600EF4D1F /* channel */ = {
			isa = PBXGroup;
			children = (
				263D1C4C1E38FF7600EF4D1F /* ChannelViewController.swift */,
				263D1C4D1E38FF7600EF4D1F /* ChannelViewController.xib */,
			);
			path = channel;
			sourceTree = "<group>";
		};
		263D1C4E1E38FF7600EF4D1F /* index */ = {
			isa = PBXGroup;
			children = (
				263D1C4F1E38FF7600EF4D1F /* IndexCollectionViewCellArticle.swift */,
				263D1C501E38FF7600EF4D1F /* IndexCollectionViewCellArticle.xib */,
				263D1C511E38FF7600EF4D1F /* IndexDIYHeader.swift */,
				263D1C521E38FF7600EF4D1F /* IndexNavBar.swift */,
				263D1C531E38FF7600EF4D1F /* IndexNavBar.xib */,
				263D1C541E38FF7600EF4D1F /* IndexPageHeader.swift */,
				263D1C551E38FF7600EF4D1F /* IndexPageHeader.xib */,
				263D1C561E38FF7600EF4D1F /* IndexViewController.swift */,
				263D1C571E38FF7600EF4D1F /* IndexViewController.xib */,
				263D1C6D1E39987A00EF4D1F /* IndexCollectionCellBanner.swift */,
				263D1C6E1E39987A00EF4D1F /* IndexCollectionCellBanner.xib */,
				26C6D5A41E39AB6C002F7314 /* IndexSectionHeader.swift */,
				26C6D5A51E39AB6C002F7314 /* IndexSectionHeader.xib */,
				26AAC4C81E44B82B008BF6A2 /* IndexCollectionCellMonkeyMountainHeadLine.swift */,
				2680D7B71E459A4400004D85 /* IndexCollectionCellMonkeyMountainHeadLineRight.swift */,
				2680D7B81E459A4400004D85 /* IndexCollectionCellMonkeyMountainHeadLineRight.xib */,
				26AAC4C91E44B82B008BF6A2 /* IndexCollectionCellMonkeyMountainHeadLine.xib */,
				2680D7BB1E460B8E00004D85 /* IndexSectionMoreFooter.swift */,
				2680D7BC1E460B8E00004D85 /* IndexSectionMoreFooter.xib */,
			);
			path = index;
			sourceTree = "<group>";
		};
		263D1C581E38FF7600EF4D1F /* mine */ = {
			isa = PBXGroup;
			children = (
				263D1C591E38FF7600EF4D1F /* MineViewController.swift */,
				263D1C5A1E38FF7600EF4D1F /* MineViewController.xib */,
			);
			path = mine;
			sourceTree = "<group>";
		};
		263D1C5B1E38FF7600EF4D1F /* watch */ = {
			isa = PBXGroup;
			children = (
				263D1C5C1E38FF7600EF4D1F /* WatchViewController.swift */,
				263D1C5D1E38FF7600EF4D1F /* WatchViewController.xib */,
			);
			path = watch;
			sourceTree = "<group>";
		};
		26A9121D1E1BC4DB002F2F8D /* Services */ = {
			isa = PBXGroup;
			children = (
				26A9121E1E1BC4DB002F2F8D /* Models */,
				26A9121F1E1BC4DB002F2F8D /* RxAlamofireWrapper */,
				26A912201E1BC4FD002F2F8D /* APIAcfun.swift */,
			);
			path = Services;
			sourceTree = "<group>";
		};
		26A9121E1E1BC4DB002F2F8D /* Models */ = {
			isa = PBXGroup;
			children = (
				26D57B411E2FA7E600B65EEF /* channel */,
				26D57B421E2FA7E600B65EEF /* index */,
				26D57B431E2FA7E600B65EEF /* mine */,
				26D57B441E2FA7E600B65EEF /* watch */,
				263C2B231E1D1CFE00885B47 /* BaseDatasModel.swift */,
				26AAC4C61E44B04D008BF6A2 /* BaseDataModel.swift */,
				263C2B271E1D1FCB00885B47 /* BaseChannel.swift */,
				26EAF7781E1E85D600C09C85 /* BaseRegions.swift */,
			);
			path = Models;
			sourceTree = "<group>";
		};
		26A9121F1E1BC4DB002F2F8D /* RxAlamofireWrapper */ = {
			isa = PBXGroup;
			children = (
				26A912221E1BC535002F2F8D /* TargetType.swift */,
				26A912241E1BC635002F2F8D /* EndPoint.swift */,
				26B46D131E1BE024008F8EC8 /* RxProvider.swift */,
			);
			path = RxAlamofireWrapper;
			sourceTree = "<group>";
		};
		26C948031E2CDCD40040AC57 /* MJRefresh */ = {
			isa = PBXGroup;
			children = (
				26C948041E2CDCD40040AC57 /* Base */,
				26C9480F1E2CDCD40040AC57 /* Custom */,
				26C948261E2CDCD40040AC57 /* MJRefresh.bundle */,
				26C948271E2CDCD40040AC57 /* MJRefresh.h */,
				26C948281E2CDCD40040AC57 /* MJRefreshConst.h */,
				26C948291E2CDCD40040AC57 /* MJRefreshConst.m */,
				26C9482A1E2CDCD40040AC57 /* NSBundle+MJRefresh.h */,
				26C9482B1E2CDCD40040AC57 /* NSBundle+MJRefresh.m */,
				26C9482C1E2CDCD40040AC57 /* UIScrollView+MJExtension.h */,
				26C9482D1E2CDCD40040AC57 /* UIScrollView+MJExtension.m */,
				26C9482E1E2CDCD40040AC57 /* UIScrollView+MJRefresh.h */,
				26C9482F1E2CDCD40040AC57 /* UIScrollView+MJRefresh.m */,
				26C948301E2CDCD40040AC57 /* UIView+MJExtension.h */,
				26C948311E2CDCD40040AC57 /* UIView+MJExtension.m */,
			);
			path = MJRefresh;
			sourceTree = "<group>";
		};
		26C948041E2CDCD40040AC57 /* Base */ = {
			isa = PBXGroup;
			children = (
				26C948051E2CDCD40040AC57 /* MJRefreshAutoFooter.h */,
				26C948061E2CDCD40040AC57 /* MJRefreshAutoFooter.m */,
				26C948071E2CDCD40040AC57 /* MJRefreshBackFooter.h */,
				26C948081E2CDCD40040AC57 /* MJRefreshBackFooter.m */,
				26C948091E2CDCD40040AC57 /* MJRefreshComponent.h */,
				26C9480A1E2CDCD40040AC57 /* MJRefreshComponent.m */,
				26C9480B1E2CDCD40040AC57 /* MJRefreshFooter.h */,
				26C9480C1E2CDCD40040AC57 /* MJRefreshFooter.m */,
				26C9480D1E2CDCD40040AC57 /* MJRefreshHeader.h */,
				26C9480E1E2CDCD40040AC57 /* MJRefreshHeader.m */,
			);
			path = Base;
			sourceTree = "<group>";
		};
		26C9480F1E2CDCD40040AC57 /* Custom */ = {
			isa = PBXGroup;
			children = (
				26C948101E2CDCD40040AC57 /* Footer */,
				26C9481F1E2CDCD40040AC57 /* Header */,
			);
			path = Custom;
			sourceTree = "<group>";
		};
		26C948101E2CDCD40040AC57 /* Footer */ = {
			isa = PBXGroup;
			children = (
				26C948111E2CDCD40040AC57 /* Auto */,
				26C948181E2CDCD40040AC57 /* Back */,
			);
			path = Footer;
			sourceTree = "<group>";
		};
		26C948111E2CDCD40040AC57 /* Auto */ = {
			isa = PBXGroup;
			children = (
				26C948121E2CDCD40040AC57 /* MJRefreshAutoGifFooter.h */,
				26C948131E2CDCD40040AC57 /* MJRefreshAutoGifFooter.m */,
				26C948141E2CDCD40040AC57 /* MJRefreshAutoNormalFooter.h */,
				26C948151E2CDCD40040AC57 /* MJRefreshAutoNormalFooter.m */,
				26C948161E2CDCD40040AC57 /* MJRefreshAutoStateFooter.h */,
				26C948171E2CDCD40040AC57 /* MJRefreshAutoStateFooter.m */,
			);
			path = Auto;
			sourceTree = "<group>";
		};
		26C948181E2CDCD40040AC57 /* Back */ = {
			isa = PBXGroup;
			children = (
				26C948191E2CDCD40040AC57 /* MJRefreshBackGifFooter.h */,
				26C9481A1E2CDCD40040AC57 /* MJRefreshBackGifFooter.m */,
				26C9481B1E2CDCD40040AC57 /* MJRefreshBackNormalFooter.h */,
				26C9481C1E2CDCD40040AC57 /* MJRefreshBackNormalFooter.m */,
				26C9481D1E2CDCD40040AC57 /* MJRefreshBackStateFooter.h */,
				26C9481E1E2CDCD40040AC57 /* MJRefreshBackStateFooter.m */,
			);
			path = Back;
			sourceTree = "<group>";
		};
		26C9481F1E2CDCD40040AC57 /* Header */ = {
			isa = PBXGroup;
			children = (
				26C948201E2CDCD40040AC57 /* MJRefreshGifHeader.h */,
				26C948211E2CDCD40040AC57 /* MJRefreshGifHeader.m */,
				26C948221E2CDCD40040AC57 /* MJRefreshNormalHeader.h */,
				26C948231E2CDCD40040AC57 /* MJRefreshNormalHeader.m */,
				26C948241E2CDCD40040AC57 /* MJRefreshStateHeader.h */,
				26C948251E2CDCD40040AC57 /* MJRefreshStateHeader.m */,
			);
			path = Header;
			sourceTree = "<group>";
		};
		26D57B411E2FA7E600B65EEF /* channel */ = {
			isa = PBXGroup;
			children = (
			);
			path = channel;
			sourceTree = "<group>";
		};
		26D57B421E2FA7E600B65EEF /* index */ = {
			isa = PBXGroup;
			children = (
			);
			path = index;
			sourceTree = "<group>";
		};
		26D57B431E2FA7E600B65EEF /* mine */ = {
			isa = PBXGroup;
			children = (
			);
			path = mine;
			sourceTree = "<group>";
		};
		26D57B441E2FA7E600B65EEF /* watch */ = {
			isa = PBXGroup;
			children = (
			);
			path = watch;
			sourceTree = "<group>";
		};
		26DE9ACE1E34DF25006DB0B3 /* exts */ = {
			isa = PBXGroup;
			children = (
				26DE9ACF1E34DF49006DB0B3 /* UIButtonExt.swift */,
			);
			path = exts;
			sourceTree = "<group>";
		};
		26E12E851E1A33E400F39F1C = {
			isa = PBXGroup;
			children = (
				26B4463E1E1A4BFC00347154 /* Mapper.md */,
				26B446401E1A4C6F00347154 /* Alamofire.md */,
				26B446421E1A4CA700347154 /* Rx.md */,
				26B446441E1A4CD400347154 /* YYWeb.md */,
				26E12E901E1A33E400F39F1C /* Acfun */,
				26E12E8F1E1A33E400F39F1C /* Products */,
				21D472B0D04CE51C80197E8B /* Pods */,
				331CE100AF34D71FE7473DEC /* Frameworks */,
			);
			sourceTree = "<group>";
		};
		26E12E8F1E1A33E400F39F1C /* Products */ = {
			isa = PBXGroup;
			children = (
				26E12E8E1E1A33E400F39F1C /* Acfun.app */,
			);
			name = Products;
			sourceTree = "<group>";
		};
		26E12E901E1A33E400F39F1C /* Acfun */ = {
			isa = PBXGroup;
			children = (
				263D1C4B1E38FF7600EF4D1F /* channel */,
				263D1C4E1E38FF7600EF4D1F /* index */,
				263D1C581E38FF7600EF4D1F /* mine */,
				263D1C5B1E38FF7600EF4D1F /* watch */,
				26DE9ACE1E34DF25006DB0B3 /* exts */,
				26E185221E30F738005A54F0 /* Resources */,
				26C948031E2CDCD40040AC57 /* MJRefresh */,
				26A9121D1E1BC4DB002F2F8D /* Services */,
				26E12E911E1A33E400F39F1C /* AppDelegate.swift */,
				26E12E931E1A33E400F39F1C /* ViewController.swift */,
				26E12E951E1A33E400F39F1C /* Main.storyboard */,
				26E12E981E1A33E400F39F1C /* Assets.xcassets */,
				26E12E9A1E1A33E400F39F1C /* LaunchScreen.storyboard */,
				26E12E9D1E1A33E400F39F1C /* Info.plist */,
				26C948481E2CE1A20040AC57 /* Acfun-bridging-header.h */,
				26E185201E30F49D005A54F0 /* Contants.swift */,
			);
			path = Acfun;
			sourceTree = "<group>";
		};
		26E185221E30F738005A54F0 /* Resources */ = {
			isa = PBXGroup;
			children = (
				26E185231E30F738005A54F0 /* AcFunSymbol-Bold1.ttf */,
				26E185241E30F738005A54F0 /* AcFunSymbol-Regular.ttf */,
			);
			path = Resources;
			sourceTree = "<group>";
		};
		331CE100AF34D71FE7473DEC /* Frameworks */ = {
			isa = PBXGroup;
			children = (
				2DB9599AD0BFCE6042B8A5AA /* Pods_Acfun.framework */,
			);
			name = Frameworks;
			sourceTree = "<group>";
		};
/* End PBXGroup section */

/* Begin PBXNativeTarget section */
		26E12E8D1E1A33E400F39F1C /* Acfun */ = {
			isa = PBXNativeTarget;
			buildConfigurationList = 26E12EA01E1A33E400F39F1C /* Build configuration list for PBXNativeTarget "Acfun" */;
			buildPhases = (
				1C7192511481C85432650AE8 /* [CP] Check Pods Manifest.lock */,
				26E12E8A1E1A33E400F39F1C /* Sources */,
				26E12E8B1E1A33E400F39F1C /* Frameworks */,
				26E12E8C1E1A33E400F39F1C /* Resources */,
				F1897DD24D71235273E59067 /* [CP] Embed Pods Frameworks */,
				773CBACD7B32DD8273A2D70D /* [CP] Copy Pods Resources */,
			);
			buildRules = (
			);
			dependencies = (
			);
			name = Acfun;
			productName = Acfun;
			productReference = 26E12E8E1E1A33E400F39F1C /* Acfun.app */;
			productType = "com.apple.product-type.application";
		};
/* End PBXNativeTarget section */

/* Begin PBXProject section */
		26E12E861E1A33E400F39F1C /* Project object */ = {
			isa = PBXProject;
			attributes = {
				LastSwiftUpdateCheck = 0810;
				LastUpgradeCheck = 0810;
				ORGANIZATIONNAME = wx;
				TargetAttributes = {
					26E12E8D1E1A33E400F39F1C = {
						CreatedOnToolsVersion = 8.1;
						DevelopmentTeam = FHZPZ8NR76;
						ProvisioningStyle = Automatic;
					};
				};
			};
			buildConfigurationList = 26E12E891E1A33E400F39F1C /* Build configuration list for PBXProject "Acfun" */;
			compatibilityVersion = "Xcode 3.2";
			developmentRegion = English;
			hasScannedForEncodings = 0;
			knownRegions = (
				en,
				Base,
			);
			mainGroup = 26E12E851E1A33E400F39F1C;
			productRefGroup = 26E12E8F1E1A33E400F39F1C /* Products */;
			projectDirPath = "";
			projectRoot = "";
			targets = (
				26E12E8D1E1A33E400F39F1C /* Acfun */,
			);
		};
/* End PBXProject section */

/* Begin PBXResourcesBuildPhase section */
		26E12E8C1E1A33E400F39F1C /* Resources */ = {
			isa = PBXResourcesBuildPhase;
			buildActionMask = 2147483647;
			files = (
				263D1C701E39987A00EF4D1F /* IndexCollectionCellBanner.xib in Resources */,
				26E12E9C1E1A33E400F39F1C /* LaunchScreen.storyboard in Resources */,
				2680D7BE1E460B8E00004D85 /* IndexSectionMoreFooter.xib in Resources */,
				26E12E991E1A33E400F39F1C /* Assets.xcassets in Resources */,
				2680D7BA1E459A4400004D85 /* IndexCollectionCellMonkeyMountainHeadLineRight.xib in Resources */,
				26E185261E30F738005A54F0 /* AcFunSymbol-Regular.ttf in Resources */,
				263D1C641E38FF7600EF4D1F /* IndexNavBar.xib in Resources */,
				263D1C661E38FF7600EF4D1F /* IndexPageHeader.xib in Resources */,
				26C948401E2CDCD40040AC57 /* MJRefresh.bundle in Resources */,
				26E12E971E1A33E400F39F1C /* Main.storyboard in Resources */,
				26E185251E30F738005A54F0 /* AcFunSymbol-Bold1.ttf in Resources */,
				263D1C681E38FF7600EF4D1F /* IndexViewController.xib in Resources */,
				26AAC4CB1E44B82B008BF6A2 /* IndexCollectionCellMonkeyMountainHeadLine.xib in Resources */,
				263D1C6C1E38FF7600EF4D1F /* WatchViewController.xib in Resources */,
				26C6D5A71E39AB6C002F7314 /* IndexSectionHeader.xib in Resources */,
				263D1C611E38FF7600EF4D1F /* IndexCollectionViewCellArticle.xib in Resources */,
				263D1C5F1E38FF7600EF4D1F /* ChannelViewController.xib in Resources */,
				263D1C6A1E38FF7600EF4D1F /* MineViewController.xib in Resources */,
			);
			runOnlyForDeploymentPostprocessing = 0;
		};
/* End PBXResourcesBuildPhase section */

/* Begin PBXShellScriptBuildPhase section */
		1C7192511481C85432650AE8 /* [CP] Check Pods Manifest.lock */ = {
			isa = PBXShellScriptBuildPhase;
			buildActionMask = 2147483647;
			files = (
			);
			inputPaths = (
			);
			name = "[CP] Check Pods Manifest.lock";
			outputPaths = (
			);
			runOnlyForDeploymentPostprocessing = 0;
			shellPath = /bin/sh;
			shellScript = "diff \"${PODS_ROOT}/../Podfile.lock\" \"${PODS_ROOT}/Manifest.lock\" > /dev/null\nif [ $? != 0 ] ; then\n    # print error to STDERR\n    echo \"error: The sandbox is not in sync with the Podfile.lock. Run 'pod install' or update your CocoaPods installation.\" >&2\n    exit 1\nfi\n";
			showEnvVarsInLog = 0;
		};
		773CBACD7B32DD8273A2D70D /* [CP] Copy Pods Resources */ = {
			isa = PBXShellScriptBuildPhase;
			buildActionMask = 2147483647;
			files = (
			);
			inputPaths = (
			);
			name = "[CP] Copy Pods Resources";
			outputPaths = (
			);
			runOnlyForDeploymentPostprocessing = 0;
			shellPath = /bin/sh;
			shellScript = "\"${SRCROOT}/Pods/Target Support Files/Pods-Acfun/Pods-Acfun-resources.sh\"\n";
			showEnvVarsInLog = 0;
		};
		F1897DD24D71235273E59067 /* [CP] Embed Pods Frameworks */ = {
			isa = PBXShellScriptBuildPhase;
			buildActionMask = 2147483647;
			files = (
			);
			inputPaths = (
			);
			name = "[CP] Embed Pods Frameworks";
			outputPaths = (
			);
			runOnlyForDeploymentPostprocessing = 0;
			shellPath = /bin/sh;
			shellScript = "\"${SRCROOT}/Pods/Target Support Files/Pods-Acfun/Pods-Acfun-frameworks.sh\"\n";
			showEnvVarsInLog = 0;
		};
/* End PBXShellScriptBuildPhase section */

/* Begin PBXSourcesBuildPhase section */
		26E12E8A1E1A33E400F39F1C /* Sources */ = {
			isa = PBXSourcesBuildPhase;
			buildActionMask = 2147483647;
			files = (
				26E185211E30F49D005A54F0 /* Contants.swift in Sources */,
				2680D7B91E459A4400004D85 /* IndexCollectionCellMonkeyMountainHeadLineRight.swift in Sources */,
				263C2B281E1D1FCB00885B47 /* BaseChannel.swift in Sources */,
				26C948381E2CDCD40040AC57 /* MJRefreshAutoNormalFooter.m in Sources */,
				263D1C651E38FF7600EF4D1F /* IndexPageHeader.swift in Sources */,
				26C948391E2CDCD40040AC57 /* MJRefreshAutoStateFooter.m in Sources */,
				2680D7BD1E460B8E00004D85 /* IndexSectionMoreFooter.swift in Sources */,
				26C948441E2CDCD40040AC57 /* UIScrollView+MJRefresh.m in Sources */,
				26B46D141E1BE024008F8EC8 /* RxProvider.swift in Sources */,
				263D1C601E38FF7600EF4D1F /* IndexCollectionViewCellArticle.swift in Sources */,
				26E12E941E1A33E400F39F1C /* ViewController.swift in Sources */,
				26C9483A1E2CDCD40040AC57 /* MJRefreshBackGifFooter.m in Sources */,
				26C948451E2CDCD40040AC57 /* UIView+MJExtension.m in Sources */,
				26C948331E2CDCD40040AC57 /* MJRefreshBackFooter.m in Sources */,
				26C948371E2CDCD40040AC57 /* MJRefreshAutoGifFooter.m in Sources */,
				26C9483D1E2CDCD40040AC57 /* MJRefreshGifHeader.m in Sources */,
				263C2B241E1D1CFE00885B47 /* BaseDatasModel.swift in Sources */,
				26B4463F1E1A4BFC00347154 /* Mapper.md in Sources */,
				26B446431E1A4CA700347154 /* Rx.md in Sources */,
				26C948351E2CDCD40040AC57 /* MJRefreshFooter.m in Sources */,
				26A912251E1BC635002F2F8D /* EndPoint.swift in Sources */,
				263D1C671E38FF7600EF4D1F /* IndexViewController.swift in Sources */,
				263D1C6F1E39987A00EF4D1F /* IndexCollectionCellBanner.swift in Sources */,
				26C948341E2CDCD40040AC57 /* MJRefreshComponent.m in Sources */,
				263D1C691E38FF7600EF4D1F /* MineViewController.swift in Sources */,
				26DE9AD01E34DF49006DB0B3 /* UIButtonExt.swift in Sources */,
				26AAC4CA1E44B82B008BF6A2 /* IndexCollectionCellMonkeyMountainHeadLine.swift in Sources */,
				263D1C631E38FF7600EF4D1F /* IndexNavBar.swift in Sources */,
				263D1C5E1E38FF7600EF4D1F /* ChannelViewController.swift in Sources */,
				26B446451E1A4CD400347154 /* YYWeb.md in Sources */,
				26C948421E2CDCD40040AC57 /* NSBundle+MJRefresh.m in Sources */,
				26C9483E1E2CDCD40040AC57 /* MJRefreshNormalHeader.m in Sources */,
				26C9483B1E2CDCD40040AC57 /* MJRefreshBackNormalFooter.m in Sources */,
				26C948321E2CDCD40040AC57 /* MJRefreshAutoFooter.m in Sources */,
				26A912231E1BC535002F2F8D /* TargetType.swift in Sources */,
				263D1C621E38FF7600EF4D1F /* IndexDIYHeader.swift in Sources */,
				26C948361E2CDCD40040AC57 /* MJRefreshHeader.m in Sources */,
				26A912211E1BC4FD002F2F8D /* APIAcfun.swift in Sources */,
				263D1C6B1E38FF7600EF4D1F /* WatchViewController.swift in Sources */,
				26C9483F1E2CDCD40040AC57 /* MJRefreshStateHeader.m in Sources */,
				26C948431E2CDCD40040AC57 /* UIScrollView+MJExtension.m in Sources */,
				26C9483C1E2CDCD40040AC57 /* MJRefreshBackStateFooter.m in Sources */,
				26C948411E2CDCD40040AC57 /* MJRefreshConst.m in Sources */,
				26AAC4C71E44B04D008BF6A2 /* BaseDataModel.swift in Sources */,
				26E12E921E1A33E400F39F1C /* AppDelegate.swift in Sources */,
				26C6D5A61E39AB6C002F7314 /* IndexSectionHeader.swift in Sources */,
				26EAF7791E1E85D600C09C85 /* BaseRegions.swift in Sources */,
				26B446411E1A4C6F00347154 /* Alamofire.md in Sources */,
			);
			runOnlyForDeploymentPostprocessing = 0;
		};
/* End PBXSourcesBuildPhase section */

/* Begin PBXVariantGroup section */
		26E12E951E1A33E400F39F1C /* Main.storyboard */ = {
			isa = PBXVariantGroup;
			children = (
				26E12E961E1A33E400F39F1C /* Base */,
			);
			name = Main.storyboard;
			sourceTree = "<group>";
		};
		26E12E9A1E1A33E400F39F1C /* LaunchScreen.storyboard */ = {
			isa = PBXVariantGroup;
			children = (
				26E12E9B1E1A33E400F39F1C /* Base */,
			);
			name = LaunchScreen.storyboard;
			sourceTree = "<group>";
		};
/* End PBXVariantGroup section */

/* Begin XCBuildConfiguration section */
		26E12E9E1E1A33E400F39F1C /* Debug */ = {
			isa = XCBuildConfiguration;
			buildSettings = {
				ALWAYS_SEARCH_USER_PATHS = NO;
				CLANG_ANALYZER_NONNULL = YES;
				CLANG_CXX_LANGUAGE_STANDARD = "gnu++0x";
				CLANG_CXX_LIBRARY = "libc++";
				CLANG_ENABLE_MODULES = YES;
				CLANG_ENABLE_OBJC_ARC = YES;
				CLANG_WARN_BOOL_CONVERSION = YES;
				CLANG_WARN_CONSTANT_CONVERSION = YES;
				CLANG_WARN_DIRECT_OBJC_ISA_USAGE = YES_ERROR;
				CLANG_WARN_DOCUMENTATION_COMMENTS = YES;
				CLANG_WARN_EMPTY_BODY = YES;
				CLANG_WARN_ENUM_CONVERSION = YES;
				CLANG_WARN_INFINITE_RECURSION = YES;
				CLANG_WARN_INT_CONVERSION = YES;
				CLANG_WARN_OBJC_ROOT_CLASS = YES_ERROR;
				CLANG_WARN_SUSPICIOUS_MOVE = YES;
				CLANG_WARN_SUSPICIOUS_MOVES = YES;
				CLANG_WARN_UNREACHABLE_CODE = YES;
				CLANG_WARN__DUPLICATE_METHOD_MATCH = YES;
				"CODE_SIGN_IDENTITY[sdk=iphoneos*]" = "iPhone Developer";
				COPY_PHASE_STRIP = NO;
				DEBUG_INFORMATION_FORMAT = dwarf;
				ENABLE_STRICT_OBJC_MSGSEND = YES;
				ENABLE_TESTABILITY = YES;
				GCC_C_LANGUAGE_STANDARD = gnu99;
				GCC_DYNAMIC_NO_PIC = NO;
				GCC_NO_COMMON_BLOCKS = YES;
				GCC_OPTIMIZATION_LEVEL = 0;
				GCC_PREPROCESSOR_DEFINITIONS = (
					"DEBUG=1",
					"$(inherited)",
				);
				GCC_WARN_64_TO_32_BIT_CONVERSION = YES;
				GCC_WARN_ABOUT_RETURN_TYPE = YES_ERROR;
				GCC_WARN_UNDECLARED_SELECTOR = YES;
				GCC_WARN_UNINITIALIZED_AUTOS = YES_AGGRESSIVE;
				GCC_WARN_UNUSED_FUNCTION = YES;
				GCC_WARN_UNUSED_VARIABLE = YES;
				IPHONEOS_DEPLOYMENT_TARGET = 10.1;
				MTL_ENABLE_DEBUG_INFO = YES;
				ONLY_ACTIVE_ARCH = YES;
				SDKROOT = iphoneos;
				SWIFT_ACTIVE_COMPILATION_CONDITIONS = DEBUG;
				SWIFT_OBJC_BRIDGING_HEADER = "";
				SWIFT_OPTIMIZATION_LEVEL = "-Onone";
				TARGETED_DEVICE_FAMILY = "1,2";
			};
			name = Debug;
		};
		26E12E9F1E1A33E400F39F1C /* Release */ = {
			isa = XCBuildConfiguration;
			buildSettings = {
				ALWAYS_SEARCH_USER_PATHS = NO;
				CLANG_ANALYZER_NONNULL = YES;
				CLANG_CXX_LANGUAGE_STANDARD = "gnu++0x";
				CLANG_CXX_LIBRARY = "libc++";
				CLANG_ENABLE_MODULES = YES;
				CLANG_ENABLE_OBJC_ARC = YES;
				CLANG_WARN_BOOL_CONVERSION = YES;
				CLANG_WARN_CONSTANT_CONVERSION = YES;
				CLANG_WARN_DIRECT_OBJC_ISA_USAGE = YES_ERROR;
				CLANG_WARN_DOCUMENTATION_COMMENTS = YES;
				CLANG_WARN_EMPTY_BODY = YES;
				CLANG_WARN_ENUM_CONVERSION = YES;
				CLANG_WARN_INFINITE_RECURSION = YES;
				CLANG_WARN_INT_CONVERSION = YES;
				CLANG_WARN_OBJC_ROOT_CLASS = YES_ERROR;
				CLANG_WARN_SUSPICIOUS_MOVE = YES;
				CLANG_WARN_SUSPICIOUS_MOVES = YES;
				CLANG_WARN_UNREACHABLE_CODE = YES;
				CLANG_WARN__DUPLICATE_METHOD_MATCH = YES;
				"CODE_SIGN_IDENTITY[sdk=iphoneos*]" = "iPhone Developer";
				COPY_PHASE_STRIP = NO;
				DEBUG_INFORMATION_FORMAT = "dwarf-with-dsym";
				ENABLE_NS_ASSERTIONS = NO;
				ENABLE_STRICT_OBJC_MSGSEND = YES;
				GCC_C_LANGUAGE_STANDARD = gnu99;
				GCC_NO_COMMON_BLOCKS = YES;
				GCC_WARN_64_TO_32_BIT_CONVERSION = YES;
				GCC_WARN_ABOUT_RETURN_TYPE = YES_ERROR;
				GCC_WARN_UNDECLARED_SELECTOR = YES;
				GCC_WARN_UNINITIALIZED_AUTOS = YES_AGGRESSIVE;
				GCC_WARN_UNUSED_FUNCTION = YES;
				GCC_WARN_UNUSED_VARIABLE = YES;
				IPHONEOS_DEPLOYMENT_TARGET = 10.1;
				MTL_ENABLE_DEBUG_INFO = NO;
				SDKROOT = iphoneos;
				SWIFT_OBJC_BRIDGING_HEADER = "";
				SWIFT_OPTIMIZATION_LEVEL = "-Owholemodule";
				TARGETED_DEVICE_FAMILY = "1,2";
				VALIDATE_PRODUCT = YES;
			};
			name = Release;
		};
		26E12EA11E1A33E400F39F1C /* Debug */ = {
			isa = XCBuildConfiguration;
			baseConfigurationReference = B5584CB2499978D8B2FD2DD8 /* Pods-Acfun.debug.xcconfig */;
			buildSettings = {
				ASSETCATALOG_COMPILER_APPICON_NAME = AppIcon;
				DEVELOPMENT_TEAM = FHZPZ8NR76;
				INFOPLIST_FILE = Acfun/Info.plist;
				LD_RUNPATH_SEARCH_PATHS = "$(inherited) @executable_path/Frameworks";
				PRODUCT_BUNDLE_IDENTIFIER = org.wx.Acfun;
				PRODUCT_NAME = "$(TARGET_NAME)";
				SWIFT_OBJC_BRIDGING_HEADER = "/Users/weixing/IOSWorkSpace/Projects/Acfun/Acfun/Acfun-bridging-header.h";
				SWIFT_VERSION = 3.0;
				USER_HEADER_SEARCH_PATHS = "{SRCROOT}/**";
			};
			name = Debug;
		};
		26E12EA21E1A33E400F39F1C /* Release */ = {
			isa = XCBuildConfiguration;
			baseConfigurationReference = 58698AF5B7BC1AB039499F79 /* Pods-Acfun.release.xcconfig */;
			buildSettings = {
				ASSETCATALOG_COMPILER_APPICON_NAME = AppIcon;
				DEVELOPMENT_TEAM = FHZPZ8NR76;
				INFOPLIST_FILE = Acfun/Info.plist;
				LD_RUNPATH_SEARCH_PATHS = "$(inherited) @executable_path/Frameworks";
				PRODUCT_BUNDLE_IDENTIFIER = org.wx.Acfun;
				PRODUCT_NAME = "$(TARGET_NAME)";
				SWIFT_OBJC_BRIDGING_HEADER = "/Users/weixing/IOSWorkSpace/Projects/Acfun/Acfun/Acfun-bridging-header.h";
				SWIFT_VERSION = 3.0;
				USER_HEADER_SEARCH_PATHS = "{SRCROOT}/**";
			};
			name = Release;
		};
/* End XCBuildConfiguration section */

/* Begin XCConfigurationList section */
		26E12E891E1A33E400F39F1C /* Build configuration list for PBXProject "Acfun" */ = {
			isa = XCConfigurationList;
			buildConfigurations = (
				26E12E9E1E1A33E400F39F1C /* Debug */,
				26E12E9F1E1A33E400F39F1C /* Release */,
			);
			defaultConfigurationIsVisible = 0;
			defaultConfigurationName = Release;
		};
		26E12EA01E1A33E400F39F1C /* Build configuration list for PBXNativeTarget "Acfun" */ = {
			isa = XCConfigurationList;
			buildConfigurations = (
				26E12EA11E1A33E400F39F1C /* Debug */,
				26E12EA21E1A33E400F39F1C /* Release */,
			);
			defaultConfigurationIsVisible = 0;
			defaultConfigurationName = Release;
		};
/* End XCConfigurationList section */
	};
	rootObject = 26E12E861E1A33E400F39F1C /* Project object */;
}
